
Microsoft Visual Studio Solution File, Format Version 12.00
# Visual Studio 2013
VisualStudioVersion = 12.0.31101.0
MinimumVisualStudioVersion = 10.0.40219.1
Project("{F184B08F-C81C-45F6-A57F-5ABD9991F28F}") = "RTAOI", "RTAOI.vbproj", "{375BF4C3-78C9-4FDA-82B0-7D3E4B4E2152}"
EndProject
Project("{8BC9CEB8-8B4A-11D0-8D11-00A0C91BC942}") = "RegCuda", "RegCuda\RegCuda.vcxproj", "{F3C08F68-9B12-4D01-A985-DD51ACA6AB34}"
EndProject
Project("{2150E333-8FDC-42A3-9474-1A3956D46DE8}") = ".nuget", ".nuget", "{70764199-2B5A-4C74-9045-2AA2691763DD}"
	ProjectSection(SolutionItems) = preProject
		.nuget\packages.config = .nuget\packages.config
	EndProjectSection
EndProject
Global
	GlobalSection(SolutionConfigurationPlatforms) = preSolution
		Debug|Any CPU = Debug|Any CPU
		Debug|Mixed Platforms = Debug|Mixed Platforms
		Debug|Win32 = Debug|Win32
		Debug|x64 = Debug|x64
		Release|Any CPU = Release|Any CPU
		Release|Mixed Platforms = Release|Mixed Platforms
		Release|Win32 = Release|Win32
		Release|x64 = Release|x64
	EndGlobalSection
	GlobalSection(ProjectConfigurationPlatforms) = postSolution
		{375BF4C3-78C9-4FDA-82B0-7D3E4B4E2152}.Debug|Any CPU.ActiveCfg = Debug|Any CPU
		{375BF4C3-78C9-4FDA-82B0-7D3E4B4E2152}.Debug|Any CPU.Build.0 = Debug|Any CPU
		{375BF4C3-78C9-4FDA-82B0-7D3E4B4E2152}.Debug|Mixed Platforms.ActiveCfg = Debug|Any CPU
		{375BF4C3-78C9-4FDA-82B0-7D3E4B4E2152}.Debug|Mixed Platforms.Build.0 = Debug|Any CPU
		{375BF4C3-78C9-4FDA-82B0-7D3E4B4E2152}.Debug|Win32.ActiveCfg = Debug|Any CPU
		{375BF4C3-78C9-4FDA-82B0-7D3E4B4E2152}.Debug|x64.ActiveCfg = Debug|Any CPU
		{375BF4C3-78C9-4FDA-82B0-7D3E4B4E2152}.Release|Any CPU.ActiveCfg = Release|Any CPU
		{375BF4C3-78C9-4FDA-82B0-7D3E4B4E2152}.Release|Any CPU.Build.0 = Release|Any CPU
		{375BF4C3-78C9-4FDA-82B0-7D3E4B4E2152}.Release|Mixed Platforms.ActiveCfg = Release|Any CPU
		{375BF4C3-78C9-4FDA-82B0-7D3E4B4E2152}.Release|Mixed Platforms.Build.0 = Release|Any CPU
		{375BF4C3-78C9-4FDA-82B0-7D3E4B4E2152}.Release|Win32.ActiveCfg = Release|Any CPU
		{375BF4C3-78C9-4FDA-82B0-7D3E4B4E2152}.Release|x64.ActiveCfg = Release|Any CPU
		{F3C08F68-9B12-4D01-A985-DD51ACA6AB34}.Debug|Any CPU.ActiveCfg = Debug|x64
		{F3C08F68-9B12-4D01-A985-DD51ACA6AB34}.Debug|Mixed Platforms.ActiveCfg = Debug|Win32
		{F3C08F68-9B12-4D01-A985-DD51ACA6AB34}.Debug|Mixed Platforms.Build.0 = Debug|Win32
		{F3C08F68-9B12-4D01-A985-DD51ACA6AB34}.Debug|Win32.ActiveCfg = Debug|Win32
		{F3C08F68-9B12-4D01-A985-DD51ACA6AB34}.Debug|Win32.Build.0 = Debug|Win32
		{F3C08F68-9B12-4D01-A985-DD51ACA6AB34}.Debug|x64.ActiveCfg = Debug|x64
		{F3C08F68-9B12-4D01-A985-DD51ACA6AB34}.Debug|x64.Build.0 = Debug|x64
		{F3C08F68-9B12-4D01-A985-DD51ACA6AB34}.Release|Any CPU.ActiveCfg = Release|x64
		{F3C08F68-9B12-4D01-A985-DD51ACA6AB34}.Release|Mixed Platforms.ActiveCfg = Release|Win32
		{F3C08F68-9B12-4D01-A985-DD51ACA6AB34}.Release|Mixed Platforms.Build.0 = Release|Win32
		{F3C08F68-9B12-4D01-A985-DD51ACA6AB34}.Release|Win32.ActiveCfg = Release|Win32
		{F3C08F68-9B12-4D01-A985-DD51ACA6AB34}.Release|Win32.Build.0 = Release|Win32
		{F3C08F68-9B12-4D01-A985-DD51ACA6AB34}.Release|x64.ActiveCfg = Release|x64
		{F3C08F68-9B12-4D01-A985-DD51ACA6AB34}.Release|x64.Build.0 = Release|x64
	EndGlobalSection
	GlobalSection(SolutionProperties) = preSolution
		HideSolutionNode = FALSE
	EndGlobalSection
EndGlobal
